Microsoft Visual Studio Solution File, Format Version 12.00
# Visual Studio Version 17
VisualStudioVersion = 17.5.2.0
MinimumVisualStudioVersion = 10.0.40219.1
Project("{FAE04EC0-301F-11D3-BF4B-00C04F79EFBC}") = "Crazy_Lobby", "Crazy_Lobby.csproj", "{D1B5032F-864F-A2C5-2301-6374BA84A870}"
EndProject
Global
	GlobalSection(SolutionConfigurationPlatforms) = preSolution
		Debug|Any CPU = Debug|Any CPU
		Release|Any CPU = Release|Any CPU
	EndGlobalSection
	GlobalSection(ProjectConfigurationPlatforms) = postSolution
		{D1B5032F-864F-A2C5-2301-6374BA84A870}.Debug|Any CPU.ActiveCfg = Debug|Any CPU
		{D1B5032F-864F-A2C5-2301-6374BA84A870}.Debug|Any CPU.Build.0 = Debug|Any CPU
		{D1B5032F-864F-A2C5-2301-6374BA84A870}.Release|Any CPU.ActiveCfg = Release|Any CPU
		{D1B5032F-864F-A2C5-2301-6374BA84A870}.Release|Any CPU.Build.0 = Release|Any CPU
	EndGlobalSection
	GlobalSection(SolutionProperties) = preSolution
		HideSolutionNode = FALSE
	EndGlobalSection
	GlobalSection(ExtensibilityGlobals) = postSolution
		SolutionGuid = {28D58A19-CF9B-40B1-B6C6-CB5F36F2CAC8}
	EndGlobalSection
EndGlobal
